
Microsoft Visual Studio Solution File, Format Version 12.00
# Visual Studio Version 17
VisualStudioVersion = 17.2.32519.379
MinimumVisualStudioVersion = 10.0.40219.1
Project("{FAE04EC0-301F-11D3-BF4B-00C04F79EFBC}") = "Case n' Item Generator", "Case n' Item Generator\Case n' Item Generator.csproj", "{C0AD2CC6-01F3-4AEF-86A3-AFDD006E54B0}"
EndProject
Global
	GlobalSection(SolutionConfigurationPlatforms) = preSolution
		Debug|Any CPU = Debug|Any CPU
		Release|Any CPU = Release|Any CPU
	EndGlobalSection
	GlobalSection(ProjectConfigurationPlatforms) = postSolution
		{C0AD2CC6-01F3-4AEF-86A3-AFDD006E54B0}.Debug|Any CPU.ActiveCfg = Debug|Any CPU
		{C0AD2CC6-01F3-4AEF-86A3-AFDD006E54B0}.Debug|Any CPU.Build.0 = Debug|Any CPU
		{C0AD2CC6-01F3-4AEF-86A3-AFDD006E54B0}.Release|Any CPU.ActiveCfg = Release|Any CPU
		{C0AD2CC6-01F3-4AEF-86A3-AFDD006E54B0}.Release|Any CPU.Build.0 = Release|Any CPU
	EndGlobalSection
	GlobalSection(SolutionProperties) = preSolution
		HideSolutionNode = FALSE
	EndGlobalSection
	GlobalSection(ExtensibilityGlobals) = postSolution
		SolutionGuid = {1A1AC1B8-2557-4A50-A9E1-8A5BDE6DAB9F}
	EndGlobalSection
EndGlobal
